
Microsoft Visual Studio Solution File, Format Version 12.00
# Visual Studio Version 17
VisualStudioVersion = 17.14.36202.13
MinimumVisualStudioVersion = 10.0.40219.1
Project("{FAE04EC0-301F-11D3-BF4B-00C04F79EFBC}") = "PedidosApp.API", "PedidosApp.API\PedidosApp.API.csproj", "{BA560248-91C4-4833-AA6F-EE451FAA1D41}"
EndProject
Project("{2150E333-8FDC-42A3-9474-1A3956D46DE8}") = "Itens de Solução", "Itens de Solução", "{02EA681E-C7D8-13C7-8484-4AC65E1B71E8}"
	ProjectSection(SolutionItems) = preProject
		docker-compose.yml = docker-compose.yml
	EndProjectSection
EndProject
Project("{FAE04EC0-301F-11D3-BF4B-00C04F79EFBC}") = "FaturamentoApp.API", "FaturamentoApp.API\FaturamentoApp.API.csproj", "{7E442F62-0A76-4F18-9076-A47D8D2F7C81}"
EndProject
Global
	GlobalSection(SolutionConfigurationPlatforms) = preSolution
		Debug|Any CPU = Debug|Any CPU
		Release|Any CPU = Release|Any CPU
	EndGlobalSection
	GlobalSection(ProjectConfigurationPlatforms) = postSolution
		{BA560248-91C4-4833-AA6F-EE451FAA1D41}.Debug|Any CPU.ActiveCfg = Debug|Any CPU
		{BA560248-91C4-4833-AA6F-EE451FAA1D41}.Debug|Any CPU.Build.0 = Debug|Any CPU
		{BA560248-91C4-4833-AA6F-EE451FAA1D41}.Release|Any CPU.ActiveCfg = Release|Any CPU
		{BA560248-91C4-4833-AA6F-EE451FAA1D41}.Release|Any CPU.Build.0 = Release|Any CPU
		{7E442F62-0A76-4F18-9076-A47D8D2F7C81}.Debug|Any CPU.ActiveCfg = Debug|Any CPU
		{7E442F62-0A76-4F18-9076-A47D8D2F7C81}.Debug|Any CPU.Build.0 = Debug|Any CPU
		{7E442F62-0A76-4F18-9076-A47D8D2F7C81}.Release|Any CPU.ActiveCfg = Release|Any CPU
		{7E442F62-0A76-4F18-9076-A47D8D2F7C81}.Release|Any CPU.Build.0 = Release|Any CPU
	EndGlobalSection
	GlobalSection(SolutionProperties) = preSolution
		HideSolutionNode = FALSE
	EndGlobalSection
	GlobalSection(ExtensibilityGlobals) = postSolution
		SolutionGuid = {6D835F2E-6950-4C79-92AF-DBF6B78182AE}
	EndGlobalSection
EndGlobal
